
Microsoft Visual Studio Solution File, Format Version 12.00
Project("{FAE04EC0-301F-11D3-BF4B-00C04F79EFBC}") = "Blocknote.Core", "Blocknote.Core\Blocknote.Core.csproj", "{28987361-1F88-4976-9976-2972A07E93B3}"
EndProject
Project("{FAE04EC0-301F-11D3-BF4B-00C04F79EFBC}") = "Blocknote.Api", "Blocknote.Api\Blocknote.Api.csproj", "{28286AC4-719A-4212-9753-DC289F14CA32}"
EndProject
Project("{FAE04EC0-301F-11D3-BF4B-00C04F79EFBC}") = "Blocknote.MAUIFrontend", "Blocknote.MAUIFrontend\Blocknote.MAUIFrontend.csproj", "{806687C7-FBD8-4E16-917E-1C4D40BBECE1}"
EndProject
Global
	GlobalSection(SolutionConfigurationPlatforms) = preSolution
		Debug|Any CPU = Debug|Any CPU
		Release|Any CPU = Release|Any CPU
	EndGlobalSection
	GlobalSection(ProjectConfigurationPlatforms) = postSolution
		{28987361-1F88-4976-9976-2972A07E93B3}.Debug|Any CPU.ActiveCfg = Debug|Any CPU
		{28987361-1F88-4976-9976-2972A07E93B3}.Debug|Any CPU.Build.0 = Debug|Any CPU
		{28987361-1F88-4976-9976-2972A07E93B3}.Release|Any CPU.ActiveCfg = Release|Any CPU
		{28987361-1F88-4976-9976-2972A07E93B3}.Release|Any CPU.Build.0 = Release|Any CPU
		{28286AC4-719A-4212-9753-DC289F14CA32}.Debug|Any CPU.ActiveCfg = Debug|Any CPU
		{28286AC4-719A-4212-9753-DC289F14CA32}.Debug|Any CPU.Build.0 = Debug|Any CPU
		{28286AC4-719A-4212-9753-DC289F14CA32}.Release|Any CPU.ActiveCfg = Release|Any CPU
		{28286AC4-719A-4212-9753-DC289F14CA32}.Release|Any CPU.Build.0 = Release|Any CPU
		{806687C7-FBD8-4E16-917E-1C4D40BBECE1}.Debug|Any CPU.ActiveCfg = Debug|Any CPU
		{806687C7-FBD8-4E16-917E-1C4D40BBECE1}.Debug|Any CPU.Build.0 = Debug|Any CPU
		{806687C7-FBD8-4E16-917E-1C4D40BBECE1}.Release|Any CPU.ActiveCfg = Release|Any CPU
		{806687C7-FBD8-4E16-917E-1C4D40BBECE1}.Release|Any CPU.Build.0 = Release|Any CPU
	EndGlobalSection
EndGlobal
